<Solution>
  <Project Path="GrowMcp/GrowMcp.csproj" />
  <Project Path="GrowMcp.Tests/GrowMcp.Tests.csproj" />
  <Project Path="GrowOsAccess/GrowOsAccess.csproj" />
  <Project Path="GrowDiary.Web.Tests/GrowDiary.Web.Tests.csproj" />
  <Project Path="GrowDiary.Web/GrowDiary.Web.csproj" />
</Solution>
